
Microsoft Visual Studio Solution File, Format Version 12.00
# Visual Studio Version 17
VisualStudioVersion = 17.4.33205.214
MinimumVisualStudioVersion = 10.0.40219.1
Project("{FAE04EC0-301F-11D3-BF4B-00C04F79EFBC}") = "SaladimLogo", "SaladimLogo\SaladimLogo.csproj", "{91729885-904B-4634-849E-328889A9EDF6}"
EndProject
Global
	GlobalSection(SolutionConfigurationPlatforms) = preSolution
		Debug|Any CPU = Debug|Any CPU
		Release|Any CPU = Release|Any CPU
	EndGlobalSection
	GlobalSection(ProjectConfigurationPlatforms) = postSolution
		{91729885-904B-4634-849E-328889A9EDF6}.Debug|Any CPU.ActiveCfg = Debug|Any CPU
		{91729885-904B-4634-849E-328889A9EDF6}.Debug|Any CPU.Build.0 = Debug|Any CPU
		{91729885-904B-4634-849E-328889A9EDF6}.Release|Any CPU.ActiveCfg = Release|Any CPU
		{91729885-904B-4634-849E-328889A9EDF6}.Release|Any CPU.Build.0 = Release|Any CPU
	EndGlobalSection
	GlobalSection(SolutionProperties) = preSolution
		HideSolutionNode = FALSE
	EndGlobalSection
	GlobalSection(ExtensibilityGlobals) = postSolution
		SolutionGuid = {913B6291-7388-4ECE-847E-5E7DB0FF283B}
	EndGlobalSection
EndGlobal
